
Microsoft Visual Studio Solution File, Format Version 12.00
# Visual Studio 15
VisualStudioVersion = 15.0.27428.2037
MinimumVisualStudioVersion = 10.0.40219.1
Project("{FAE04EC0-301F-11D3-BF4B-00C04F79EFBC}") = "WebApplication2", "WebApplication2\WebApplication2.csproj", "{718BAF4F-02DA-4F64-B98B-8F5A6AAD9308}"
EndProject
Project("{FAE04EC0-301F-11D3-BF4B-00C04F79EFBC}") = "Datos", "Datos\Datos.csproj", "{70A1D23B-1EEB-4BE6-93ED-C26D63E32F2A}"
EndProject
Project("{FAE04EC0-301F-11D3-BF4B-00C04F79EFBC}") = "Common", "Common\Common.csproj", "{A70DFE24-5908-4A0C-B370-6461B19C9A74}"
EndProject
Project("{FAE04EC0-301F-11D3-BF4B-00C04F79EFBC}") = "Services", "Services\Services.csproj", "{A6253EFD-2B4A-4DD8-B234-7816279F66A6}"
EndProject
Global
	GlobalSection(SolutionConfigurationPlatforms) = preSolution
		Debug|Any CPU = Debug|Any CPU
		Release|Any CPU = Release|Any CPU
	EndGlobalSection
	GlobalSection(ProjectConfigurationPlatforms) = postSolution
		{718BAF4F-02DA-4F64-B98B-8F5A6AAD9308}.Debug|Any CPU.ActiveCfg = Debug|Any CPU
		{718BAF4F-02DA-4F64-B98B-8F5A6AAD9308}.Debug|Any CPU.Build.0 = Debug|Any CPU
		{718BAF4F-02DA-4F64-B98B-8F5A6AAD9308}.Release|Any CPU.ActiveCfg = Release|Any CPU
		{718BAF4F-02DA-4F64-B98B-8F5A6AAD9308}.Release|Any CPU.Build.0 = Release|Any CPU
		{70A1D23B-1EEB-4BE6-93ED-C26D63E32F2A}.Debug|Any CPU.ActiveCfg = Debug|Any CPU
		{70A1D23B-1EEB-4BE6-93ED-C26D63E32F2A}.Debug|Any CPU.Build.0 = Debug|Any CPU
		{70A1D23B-1EEB-4BE6-93ED-C26D63E32F2A}.Release|Any CPU.ActiveCfg = Release|Any CPU
		{70A1D23B-1EEB-4BE6-93ED-C26D63E32F2A}.Release|Any CPU.Build.0 = Release|Any CPU
		{A70DFE24-5908-4A0C-B370-6461B19C9A74}.Debug|Any CPU.ActiveCfg = Debug|Any CPU
		{A70DFE24-5908-4A0C-B370-6461B19C9A74}.Debug|Any CPU.Build.0 = Debug|Any CPU
		{A70DFE24-5908-4A0C-B370-6461B19C9A74}.Release|Any CPU.ActiveCfg = Release|Any CPU
		{A70DFE24-5908-4A0C-B370-6461B19C9A74}.Release|Any CPU.Build.0 = Release|Any CPU
		{A6253EFD-2B4A-4DD8-B234-7816279F66A6}.Debug|Any CPU.ActiveCfg = Debug|Any CPU
		{A6253EFD-2B4A-4DD8-B234-7816279F66A6}.Debug|Any CPU.Build.0 = Debug|Any CPU
		{A6253EFD-2B4A-4DD8-B234-7816279F66A6}.Release|Any CPU.ActiveCfg = Release|Any CPU
		{A6253EFD-2B4A-4DD8-B234-7816279F66A6}.Release|Any CPU.Build.0 = Release|Any CPU
	EndGlobalSection
	GlobalSection(SolutionProperties) = preSolution
		HideSolutionNode = FALSE
	EndGlobalSection
	GlobalSection(ExtensibilityGlobals) = postSolution
		SolutionGuid = {0D6A7DA1-5C62-4C45-A52F-7AE8139158E2}
	EndGlobalSection
EndGlobal
